
Microsoft Visual Studio Solution File, Format Version 12.00
# Visual Studio Version 17
VisualStudioVersion = 17.2.32630.192
MinimumVisualStudioVersion = 10.0.40219.1
Project("{9A19103F-16F7-4668-BE54-9A1E7A4F7556}") = "2022.07.04_PW", "2022.07.04_PW\2022.07.04_PW.csproj", "{7659DD0E-D283-469D-83CF-55D834812A45}"
EndProject
Project("{2150E333-8FDC-42A3-9474-1A3956D46DE8}") = "Элементы решения", "Элементы решения", "{B7521620-92B1-4D5B-984B-62A7981981D9}"
	ProjectSection(SolutionItems) = preProject
		Примечание.txt = Примечание.txt
	EndProjectSection
EndProject
Project("{9A19103F-16F7-4668-BE54-9A1E7A4F7556}") = "2022.07.04_HW", "2022.07.04_HW\2022.07.04_HW.csproj", "{D72B8626-C3D4-4E6F-953A-DAFE35416127}"
EndProject
Project("{9A19103F-16F7-4668-BE54-9A1E7A4F7556}") = "2022.07.06_PW", "2022.07.06_PW\2022.07.06_PW.csproj", "{0E51D3E9-230A-4B27-8FB1-1F53AD567BEC}"
EndProject
Project("{9A19103F-16F7-4668-BE54-9A1E7A4F7556}") = "2022.07.06_HW", "2022.07.06_HW\2022.07.06_HW.csproj", "{48FFE2C0-87E4-4B0C-A1F8-63A795D62C56}"
EndProject
Project("{FAE04EC0-301F-11D3-BF4B-00C04F79EFBC}") = "2022.07.08_PW", "2022.07.08_PW\2022.07.08_PW.csproj", "{188B3CED-2DF7-4A81-A688-F12CA51FE108}"
EndProject
Global
	GlobalSection(SolutionConfigurationPlatforms) = preSolution
		Debug|Any CPU = Debug|Any CPU
		Release|Any CPU = Release|Any CPU
	EndGlobalSection
	GlobalSection(ProjectConfigurationPlatforms) = postSolution
		{7659DD0E-D283-469D-83CF-55D834812A45}.Debug|Any CPU.ActiveCfg = Debug|Any CPU
		{7659DD0E-D283-469D-83CF-55D834812A45}.Debug|Any CPU.Build.0 = Debug|Any CPU
		{7659DD0E-D283-469D-83CF-55D834812A45}.Release|Any CPU.ActiveCfg = Release|Any CPU
		{7659DD0E-D283-469D-83CF-55D834812A45}.Release|Any CPU.Build.0 = Release|Any CPU
		{D72B8626-C3D4-4E6F-953A-DAFE35416127}.Debug|Any CPU.ActiveCfg = Debug|Any CPU
		{D72B8626-C3D4-4E6F-953A-DAFE35416127}.Debug|Any CPU.Build.0 = Debug|Any CPU
		{D72B8626-C3D4-4E6F-953A-DAFE35416127}.Release|Any CPU.ActiveCfg = Release|Any CPU
		{D72B8626-C3D4-4E6F-953A-DAFE35416127}.Release|Any CPU.Build.0 = Release|Any CPU
		{0E51D3E9-230A-4B27-8FB1-1F53AD567BEC}.Debug|Any CPU.ActiveCfg = Debug|Any CPU
		{0E51D3E9-230A-4B27-8FB1-1F53AD567BEC}.Debug|Any CPU.Build.0 = Debug|Any CPU
		{0E51D3E9-230A-4B27-8FB1-1F53AD567BEC}.Release|Any CPU.ActiveCfg = Release|Any CPU
		{0E51D3E9-230A-4B27-8FB1-1F53AD567BEC}.Release|Any CPU.Build.0 = Release|Any CPU
		{48FFE2C0-87E4-4B0C-A1F8-63A795D62C56}.Debug|Any CPU.ActiveCfg = Debug|Any CPU
		{48FFE2C0-87E4-4B0C-A1F8-63A795D62C56}.Debug|Any CPU.Build.0 = Debug|Any CPU
		{48FFE2C0-87E4-4B0C-A1F8-63A795D62C56}.Release|Any CPU.ActiveCfg = Release|Any CPU
		{48FFE2C0-87E4-4B0C-A1F8-63A795D62C56}.Release|Any CPU.Build.0 = Release|Any CPU
		{188B3CED-2DF7-4A81-A688-F12CA51FE108}.Debug|Any CPU.ActiveCfg = Debug|Any CPU
		{188B3CED-2DF7-4A81-A688-F12CA51FE108}.Debug|Any CPU.Build.0 = Debug|Any CPU
		{188B3CED-2DF7-4A81-A688-F12CA51FE108}.Release|Any CPU.ActiveCfg = Release|Any CPU
		{188B3CED-2DF7-4A81-A688-F12CA51FE108}.Release|Any CPU.Build.0 = Release|Any CPU
	EndGlobalSection
	GlobalSection(SolutionProperties) = preSolution
		HideSolutionNode = FALSE
	EndGlobalSection
	GlobalSection(ExtensibilityGlobals) = postSolution
		SolutionGuid = {3085C4A8-E322-4802-9E9D-7F4B3C566765}
	EndGlobalSection
EndGlobal
