
Microsoft Visual Studio Solution File, Format Version 12.00
# Visual Studio Version 17
VisualStudioVersion = 17.2.32630.192
MinimumVisualStudioVersion = 10.0.40219.1
Project("{9A19103F-16F7-4668-BE54-9A1E7A4F7556}") = "2022.07.04_PW", "2022.07.04_PW\2022.07.04_PW.csproj", "{7659DD0E-D283-469D-83CF-55D834812A45}"
EndProject
Project("{2150E333-8FDC-42A3-9474-1A3956D46DE8}") = "Элементы решения", "Элементы решения", "{B7521620-92B1-4D5B-984B-62A7981981D9}"
	ProjectSection(SolutionItems) = preProject
		Примечание.txt = Примечание.txt
	EndProjectSection
EndProject
Project("{9A19103F-16F7-4668-BE54-9A1E7A4F7556}") = "2022.07.04_HW", "2022.07.04_HW\2022.07.04_HW.csproj", "{D72B8626-C3D4-4E6F-953A-DAFE35416127}"
EndProject
Project("{9A19103F-16F7-4668-BE54-9A1E7A4F7556}") = "2022.07.06_PW", "2022.07.06_PW\2022.07.06_PW.csproj", "{0E51D3E9-230A-4B27-8FB1-1F53AD567BEC}"
EndProject
Project("{9A19103F-16F7-4668-BE54-9A1E7A4F7556}") = "2022.07.06_HW", "2022.07.06_HW\2022.07.06_HW.csproj", "{48FFE2C0-87E4-4B0C-A1F8-63A795D62C56}"
EndProject
Project("{9A19103F-16F7-4668-BE54-9A1E7A4F7556}") = "2022.07.08_PW", "2022.07.08_PW\2022.07.08_PW.csproj", "{188B3CED-2DF7-4A81-A688-F12CA51FE108}"
EndProject
Project("{9A19103F-16F7-4668-BE54-9A1E7A4F7556}") = "2022.07.11_HW", "2022.07.11_HW\2022.07.11_HW.csproj", "{CF0B4DB9-4B26-440D-88B0-2A247FE0BED0}"
EndProject
Project("{9A19103F-16F7-4668-BE54-9A1E7A4F7556}") = "2022.07.13_HW", "2022.07.13_HW\2022.07.13_HW.csproj", "{682D9DFD-A884-4FAA-BF60-67CA0CBAE574}"
EndProject
Project("{FAE04EC0-301F-11D3-BF4B-00C04F79EFBC}") = "2022.07.18_PW", "2022.07.18_PW\2022.07.18_PW.csproj", "{B9350FA8-BD3E-457F-AD74-5C7FF0AA1A71}"
EndProject
Project("{9A19103F-16F7-4668-BE54-9A1E7A4F7556}") = "2022.07.20_PW", "2022.07.20_PW\2022.07.20_PW.csproj", "{92D88FAD-D5EB-41F6-8595-9C9F10182CFB}"
EndProject
Project("{9A19103F-16F7-4668-BE54-9A1E7A4F7556}") = "2022.07.22_PW", "2022.07.22_PW\2022.07.22_PW.csproj", "{DDDA5DA1-76A6-4804-B8D3-89A77D7C7C47}"
EndProject
Project("{9A19103F-16F7-4668-BE54-9A1E7A4F7556}") = "2022.07.22_PW_ClassLibrary1", "2022.07.22_PW_ClassLibrary1\2022.07.22_PW_ClassLibrary1.csproj", "{ED3A3F71-588F-4A76-9BDE-2708086C947E}"
EndProject
Project("{9A19103F-16F7-4668-BE54-9A1E7A4F7556}") = "2022.07.22_PW_ClassLibrary2", "2022.07.22_PW_ClassLibrary2\2022.07.22_PW_ClassLibrary2.csproj", "{8C8CE025-4286-4DCB-876F-703608F8AEC6}"
EndProject
Project("{FAE04EC0-301F-11D3-BF4B-00C04F79EFBC}") = "2022.07.22_HW", "2022.07.22_HW\2022.07.22_HW.csproj", "{EF36069A-4F86-4CA7-8BA7-56DAEE3A5B19}"
EndProject
Global
	GlobalSection(SolutionConfigurationPlatforms) = preSolution
		Debug|Any CPU = Debug|Any CPU
		Release|Any CPU = Release|Any CPU
	EndGlobalSection
	GlobalSection(ProjectConfigurationPlatforms) = postSolution
		{7659DD0E-D283-469D-83CF-55D834812A45}.Debug|Any CPU.ActiveCfg = Debug|Any CPU
		{7659DD0E-D283-469D-83CF-55D834812A45}.Debug|Any CPU.Build.0 = Debug|Any CPU
		{7659DD0E-D283-469D-83CF-55D834812A45}.Release|Any CPU.ActiveCfg = Release|Any CPU
		{7659DD0E-D283-469D-83CF-55D834812A45}.Release|Any CPU.Build.0 = Release|Any CPU
		{D72B8626-C3D4-4E6F-953A-DAFE35416127}.Debug|Any CPU.ActiveCfg = Debug|Any CPU
		{D72B8626-C3D4-4E6F-953A-DAFE35416127}.Debug|Any CPU.Build.0 = Debug|Any CPU
		{D72B8626-C3D4-4E6F-953A-DAFE35416127}.Release|Any CPU.ActiveCfg = Release|Any CPU
		{D72B8626-C3D4-4E6F-953A-DAFE35416127}.Release|Any CPU.Build.0 = Release|Any CPU
		{0E51D3E9-230A-4B27-8FB1-1F53AD567BEC}.Debug|Any CPU.ActiveCfg = Debug|Any CPU
		{0E51D3E9-230A-4B27-8FB1-1F53AD567BEC}.Debug|Any CPU.Build.0 = Debug|Any CPU
		{0E51D3E9-230A-4B27-8FB1-1F53AD567BEC}.Release|Any CPU.ActiveCfg = Release|Any CPU
		{0E51D3E9-230A-4B27-8FB1-1F53AD567BEC}.Release|Any CPU.Build.0 = Release|Any CPU
		{48FFE2C0-87E4-4B0C-A1F8-63A795D62C56}.Debug|Any CPU.ActiveCfg = Debug|Any CPU
		{48FFE2C0-87E4-4B0C-A1F8-63A795D62C56}.Debug|Any CPU.Build.0 = Debug|Any CPU
		{48FFE2C0-87E4-4B0C-A1F8-63A795D62C56}.Release|Any CPU.ActiveCfg = Release|Any CPU
		{48FFE2C0-87E4-4B0C-A1F8-63A795D62C56}.Release|Any CPU.Build.0 = Release|Any CPU
		{188B3CED-2DF7-4A81-A688-F12CA51FE108}.Debug|Any CPU.ActiveCfg = Debug|Any CPU
		{188B3CED-2DF7-4A81-A688-F12CA51FE108}.Debug|Any CPU.Build.0 = Debug|Any CPU
		{188B3CED-2DF7-4A81-A688-F12CA51FE108}.Release|Any CPU.ActiveCfg = Release|Any CPU
		{188B3CED-2DF7-4A81-A688-F12CA51FE108}.Release|Any CPU.Build.0 = Release|Any CPU
		{CF0B4DB9-4B26-440D-88B0-2A247FE0BED0}.Debug|Any CPU.ActiveCfg = Debug|Any CPU
		{CF0B4DB9-4B26-440D-88B0-2A247FE0BED0}.Debug|Any CPU.Build.0 = Debug|Any CPU
		{CF0B4DB9-4B26-440D-88B0-2A247FE0BED0}.Release|Any CPU.ActiveCfg = Release|Any CPU
		{CF0B4DB9-4B26-440D-88B0-2A247FE0BED0}.Release|Any CPU.Build.0 = Release|Any CPU
		{682D9DFD-A884-4FAA-BF60-67CA0CBAE574}.Debug|Any CPU.ActiveCfg = Debug|Any CPU
		{682D9DFD-A884-4FAA-BF60-67CA0CBAE574}.Debug|Any CPU.Build.0 = Debug|Any CPU
		{682D9DFD-A884-4FAA-BF60-67CA0CBAE574}.Release|Any CPU.ActiveCfg = Release|Any CPU
		{682D9DFD-A884-4FAA-BF60-67CA0CBAE574}.Release|Any CPU.Build.0 = Release|Any CPU
		{B9350FA8-BD3E-457F-AD74-5C7FF0AA1A71}.Debug|Any CPU.ActiveCfg = Debug|Any CPU
		{B9350FA8-BD3E-457F-AD74-5C7FF0AA1A71}.Debug|Any CPU.Build.0 = Debug|Any CPU
		{B9350FA8-BD3E-457F-AD74-5C7FF0AA1A71}.Release|Any CPU.ActiveCfg = Release|Any CPU
		{B9350FA8-BD3E-457F-AD74-5C7FF0AA1A71}.Release|Any CPU.Build.0 = Release|Any CPU
		{92D88FAD-D5EB-41F6-8595-9C9F10182CFB}.Debug|Any CPU.ActiveCfg = Debug|Any CPU
		{92D88FAD-D5EB-41F6-8595-9C9F10182CFB}.Debug|Any CPU.Build.0 = Debug|Any CPU
		{92D88FAD-D5EB-41F6-8595-9C9F10182CFB}.Release|Any CPU.ActiveCfg = Release|Any CPU
		{92D88FAD-D5EB-41F6-8595-9C9F10182CFB}.Release|Any CPU.Build.0 = Release|Any CPU
		{DDDA5DA1-76A6-4804-B8D3-89A77D7C7C47}.Debug|Any CPU.ActiveCfg = Debug|Any CPU
		{DDDA5DA1-76A6-4804-B8D3-89A77D7C7C47}.Debug|Any CPU.Build.0 = Debug|Any CPU
		{DDDA5DA1-76A6-4804-B8D3-89A77D7C7C47}.Release|Any CPU.ActiveCfg = Release|Any CPU
		{DDDA5DA1-76A6-4804-B8D3-89A77D7C7C47}.Release|Any CPU.Build.0 = Release|Any CPU
		{ED3A3F71-588F-4A76-9BDE-2708086C947E}.Debug|Any CPU.ActiveCfg = Debug|Any CPU
		{ED3A3F71-588F-4A76-9BDE-2708086C947E}.Debug|Any CPU.Build.0 = Debug|Any CPU
		{ED3A3F71-588F-4A76-9BDE-2708086C947E}.Release|Any CPU.ActiveCfg = Release|Any CPU
		{ED3A3F71-588F-4A76-9BDE-2708086C947E}.Release|Any CPU.Build.0 = Release|Any CPU
		{8C8CE025-4286-4DCB-876F-703608F8AEC6}.Debug|Any CPU.ActiveCfg = Debug|Any CPU
		{8C8CE025-4286-4DCB-876F-703608F8AEC6}.Debug|Any CPU.Build.0 = Debug|Any CPU
		{8C8CE025-4286-4DCB-876F-703608F8AEC6}.Release|Any CPU.ActiveCfg = Release|Any CPU
		{8C8CE025-4286-4DCB-876F-703608F8AEC6}.Release|Any CPU.Build.0 = Release|Any CPU
		{EF36069A-4F86-4CA7-8BA7-56DAEE3A5B19}.Debug|Any CPU.ActiveCfg = Debug|Any CPU
		{EF36069A-4F86-4CA7-8BA7-56DAEE3A5B19}.Debug|Any CPU.Build.0 = Debug|Any CPU
		{EF36069A-4F86-4CA7-8BA7-56DAEE3A5B19}.Release|Any CPU.ActiveCfg = Release|Any CPU
		{EF36069A-4F86-4CA7-8BA7-56DAEE3A5B19}.Release|Any CPU.Build.0 = Release|Any CPU
	EndGlobalSection
	GlobalSection(SolutionProperties) = preSolution
		HideSolutionNode = FALSE
	EndGlobalSection
	GlobalSection(ExtensibilityGlobals) = postSolution
		SolutionGuid = {3085C4A8-E322-4802-9E9D-7F4B3C566765}
	EndGlobalSection
EndGlobal
